
Microsoft Visual Studio Solution File, Format Version 12.00
# Visual Studio Version 17
VisualStudioVersion = 17.8.34511.84
MinimumVisualStudioVersion = 10.0.40219.1
Project("{FAE04EC0-301F-11D3-BF4B-00C04F79EFBC}") = "BarberBooking.Server", "BarberBooking.Server\BarberBooking.Server.csproj", "{8DE0A680-8EA3-4D44-A0C5-E13268BB3F5E}"
EndProject
Project("{54A90642-561A-4BB1-A94E-469ADEE60C69}") = "barberbooking.client", "barberbooking.client\barberbooking.client.esproj", "{AAF9CBB2-1586-4D7A-96BE-FEDD85E6C906}"
EndProject
Global
	GlobalSection(SolutionConfigurationPlatforms) = preSolution
		Debug|Any CPU = Debug|Any CPU
		Release|Any CPU = Release|Any CPU
	EndGlobalSection
	GlobalSection(ProjectConfigurationPlatforms) = postSolution
		{8DE0A680-8EA3-4D44-A0C5-E13268BB3F5E}.Debug|Any CPU.ActiveCfg = Debug|Any CPU
		{8DE0A680-8EA3-4D44-A0C5-E13268BB3F5E}.Debug|Any CPU.Build.0 = Debug|Any CPU
		{8DE0A680-8EA3-4D44-A0C5-E13268BB3F5E}.Release|Any CPU.ActiveCfg = Release|Any CPU
		{8DE0A680-8EA3-4D44-A0C5-E13268BB3F5E}.Release|Any CPU.Build.0 = Release|Any CPU
		{AAF9CBB2-1586-4D7A-96BE-FEDD85E6C906}.Debug|Any CPU.ActiveCfg = Debug|Any CPU
		{AAF9CBB2-1586-4D7A-96BE-FEDD85E6C906}.Debug|Any CPU.Build.0 = Debug|Any CPU
		{AAF9CBB2-1586-4D7A-96BE-FEDD85E6C906}.Debug|Any CPU.Deploy.0 = Debug|Any CPU
		{AAF9CBB2-1586-4D7A-96BE-FEDD85E6C906}.Release|Any CPU.ActiveCfg = Release|Any CPU
		{AAF9CBB2-1586-4D7A-96BE-FEDD85E6C906}.Release|Any CPU.Build.0 = Release|Any CPU
		{AAF9CBB2-1586-4D7A-96BE-FEDD85E6C906}.Release|Any CPU.Deploy.0 = Release|Any CPU
	EndGlobalSection
	GlobalSection(SolutionProperties) = preSolution
		HideSolutionNode = FALSE
	EndGlobalSection
	GlobalSection(ExtensibilityGlobals) = postSolution
		SolutionGuid = {A2425180-A261-4E75-BC49-8BA0AFDFFE5C}
	EndGlobalSection
EndGlobal
